// !$*UTF8*$!
{
	archiveVersion = 1;
	classes = {
	};
	objectVersion = 55;
	objects = {

/* Begin PBXBuildFile section */
		8581398528198BAD007646A9 /* LandmarksApp.swift in Sources */ = {isa = PBXBuildFile; fileRef = 8581398428198BAD007646A9 /* LandmarksApp.swift */; };
		8581398728198BAD007646A9 /* ContentView.swift in Sources */ = {isa = PBXBuildFile; fileRef = 8581398628198BAD007646A9 /* ContentView.swift */; };
		8581398928198BAF007646A9 /* Assets.xcassets in Resources */ = {isa = PBXBuildFile; fileRef = 8581398828198BAF007646A9 /* Assets.xcassets */; };
		8581398C28198BAF007646A9 /* Preview Assets.xcassets in Resources */ = {isa = PBXBuildFile; fileRef = 8581398B28198BAF007646A9 /* Preview Assets.xcassets */; };
		85813993281992AB007646A9 /* CircleImage.swift in Sources */ = {isa = PBXBuildFile; fileRef = 85813992281992AB007646A9 /* CircleImage.swift */; };
		858139952819940C007646A9 /* MapView.swift in Sources */ = {isa = PBXBuildFile; fileRef = 858139942819940C007646A9 /* MapView.swift */; };
		858139972819B61C007646A9 /* landmarkData.json in Resources */ = {isa = PBXBuildFile; fileRef = 858139962819B61C007646A9 /* landmarkData.json */; };
		858139992819B687007646A9 /* Landmark.swift in Sources */ = {isa = PBXBuildFile; fileRef = 858139982819B687007646A9 /* Landmark.swift */; };
		8581399B2819BF2C007646A9 /* ModelData.swift in Sources */ = {isa = PBXBuildFile; fileRef = 8581399A2819BF2C007646A9 /* ModelData.swift */; };
		858139A02819C219007646A9 /* LandmarkRow.swift in Sources */ = {isa = PBXBuildFile; fileRef = 8581399F2819C219007646A9 /* LandmarkRow.swift */; };
		858139A22819C6BA007646A9 /* LandmarkList.swift in Sources */ = {isa = PBXBuildFile; fileRef = 858139A12819C6BA007646A9 /* LandmarkList.swift */; };
		858139A42819CE2B007646A9 /* LandmarkDetail.swift in Sources */ = {isa = PBXBuildFile; fileRef = 858139A32819CE2B007646A9 /* LandmarkDetail.swift */; };
		858139A6281DFB5C007646A9 /* FavoriteButton.swift in Sources */ = {isa = PBXBuildFile; fileRef = 858139A5281DFB5C007646A9 /* FavoriteButton.swift */; };
		858139AA282058D1007646A9 /* HexagonParameters.swift in Sources */ = {isa = PBXBuildFile; fileRef = 858139A9282058D1007646A9 /* HexagonParameters.swift */; };
		858139AC28205AFE007646A9 /* BadgeBackground.swift in Sources */ = {isa = PBXBuildFile; fileRef = 858139AB28205AFD007646A9 /* BadgeBackground.swift */; };
		858139AE2820601E007646A9 /* BadgeSymbol.swift in Sources */ = {isa = PBXBuildFile; fileRef = 858139AD2820601E007646A9 /* BadgeSymbol.swift */; };
		858139B0282062C6007646A9 /* RotatedBadgeSymbol.swift in Sources */ = {isa = PBXBuildFile; fileRef = 858139AF282062C6007646A9 /* RotatedBadgeSymbol.swift */; };
		858139B228206399007646A9 /* Badge.swift in Sources */ = {isa = PBXBuildFile; fileRef = 858139B128206399007646A9 /* Badge.swift */; };
		858139B728206808007646A9 /* Hike.swift in Sources */ = {isa = PBXBuildFile; fileRef = 858139B628206808007646A9 /* Hike.swift */; };
		858139BD282068ED007646A9 /* GraphCapsule.swift in Sources */ = {isa = PBXBuildFile; fileRef = 858139B9282068ED007646A9 /* GraphCapsule.swift */; };
		858139BE282068ED007646A9 /* HikeDetail.swift in Sources */ = {isa = PBXBuildFile; fileRef = 858139BA282068ED007646A9 /* HikeDetail.swift */; };
		858139BF282068ED007646A9 /* HikeGraph.swift in Sources */ = {isa = PBXBuildFile; fileRef = 858139BB282068ED007646A9 /* HikeGraph.swift */; };
		858139C0282068ED007646A9 /* HikeView.swift in Sources */ = {isa = PBXBuildFile; fileRef = 858139BC282068ED007646A9 /* HikeView.swift */; };
		858139C328209F75007646A9 /* CategoryHome.swift in Sources */ = {isa = PBXBuildFile; fileRef = 858139C228209F75007646A9 /* CategoryHome.swift */; };
		858139C92820A154007646A9 /* hikeData.json in Resources */ = {isa = PBXBuildFile; fileRef = 858139C82820A154007646A9 /* hikeData.json */; };
		858139CB2820A3AA007646A9 /* CategoryRow.swift in Sources */ = {isa = PBXBuildFile; fileRef = 858139CA2820A3AA007646A9 /* CategoryRow.swift */; };
		858139CD2820A4F2007646A9 /* CategoryItem.swift in Sources */ = {isa = PBXBuildFile; fileRef = 858139CC2820A4F2007646A9 /* CategoryItem.swift */; };
		858139CF2820BBD9007646A9 /* Profile.swift in Sources */ = {isa = PBXBuildFile; fileRef = 858139CE2820BBD9007646A9 /* Profile.swift */; };
		858139D22820BD50007646A9 /* ProfileHost.swift in Sources */ = {isa = PBXBuildFile; fileRef = 858139D12820BD50007646A9 /* ProfileHost.swift */; };
		858139D42820BDB4007646A9 /* ProfileSummary.swift in Sources */ = {isa = PBXBuildFile; fileRef = 858139D32820BDB4007646A9 /* ProfileSummary.swift */; };
		858139D62820BECE007646A9 /* HikeBadge.swift in Sources */ = {isa = PBXBuildFile; fileRef = 858139D52820BECE007646A9 /* HikeBadge.swift */; };
		858139D82820C2C4007646A9 /* ProfileEditor.swift in Sources */ = {isa = PBXBuildFile; fileRef = 858139D72820C2C4007646A9 /* ProfileEditor.swift */; };
/* End PBXBuildFile section */

/* Begin PBXFileReference section */
		8581398128198BAD007646A9 /* Landmarks.app */ = {isa = PBXFileReference; explicitFileType = wrapper.application; includeInIndex = 0; path = Landmarks.app; sourceTree = BUILT_PRODUCTS_DIR; };
		8581398428198BAD007646A9 /* LandmarksApp.swift */ = {isa = PBXFileReference; lastKnownFileType = sourcecode.swift; path = LandmarksApp.swift; sourceTree = "<group>"; };
		8581398628198BAD007646A9 /* ContentView.swift */ = {isa = PBXFileReference; lastKnownFileType = sourcecode.swift; path = ContentView.swift; sourceTree = "<group>"; };
		8581398828198BAF007646A9 /* Assets.xcassets */ = {isa = PBXFileReference; lastKnownFileType = folder.assetcatalog; path = Assets.xcassets; sourceTree = "<group>"; };
		8581398B28198BAF007646A9 /* Preview Assets.xcassets */ = {isa = PBXFileReference; lastKnownFileType = folder.assetcatalog; path = "Preview Assets.xcassets"; sourceTree = "<group>"; };
		85813992281992AB007646A9 /* CircleImage.swift */ = {isa = PBXFileReference; lastKnownFileType = sourcecode.swift; path = CircleImage.swift; sourceTree = "<group>"; };
		858139942819940C007646A9 /* MapView.swift */ = {isa = PBXFileReference; lastKnownFileType = sourcecode.swift; path = MapView.swift; sourceTree = "<group>"; };
		858139962819B61C007646A9 /* landmarkData.json */ = {isa = PBXFileReference; fileEncoding = 4; lastKnownFileType = text.json; path = landmarkData.json; sourceTree = "<group>"; };
		858139982819B687007646A9 /* Landmark.swift */ = {isa = PBXFileReference; lastKnownFileType = sourcecode.swift; path = Landmark.swift; sourceTree = "<group>"; };
		8581399A2819BF2C007646A9 /* ModelData.swift */ = {isa = PBXFileReference; lastKnownFileType = sourcecode.swift; path = ModelData.swift; sourceTree = "<group>"; };
		8581399F2819C219007646A9 /* LandmarkRow.swift */ = {isa = PBXFileReference; lastKnownFileType = sourcecode.swift; path = LandmarkRow.swift; sourceTree = "<group>"; };
		858139A12819C6BA007646A9 /* LandmarkList.swift */ = {isa = PBXFileReference; lastKnownFileType = sourcecode.swift; path = LandmarkList.swift; sourceTree = "<group>"; };
		858139A32819CE2B007646A9 /* LandmarkDetail.swift */ = {isa = PBXFileReference; lastKnownFileType = sourcecode.swift; path = LandmarkDetail.swift; sourceTree = "<group>"; };
		858139A5281DFB5C007646A9 /* FavoriteButton.swift */ = {isa = PBXFileReference; lastKnownFileType = sourcecode.swift; path = FavoriteButton.swift; sourceTree = "<group>"; };
		858139A9282058D1007646A9 /* HexagonParameters.swift */ = {isa = PBXFileReference; lastKnownFileType = sourcecode.swift; path = HexagonParameters.swift; sourceTree = "<group>"; };
		858139AB28205AFD007646A9 /* BadgeBackground.swift */ = {isa = PBXFileReference; lastKnownFileType = sourcecode.swift; path = BadgeBackground.swift; sourceTree = "<group>"; };
		858139AD2820601E007646A9 /* BadgeSymbol.swift */ = {isa = PBXFileReference; lastKnownFileType = sourcecode.swift; path = BadgeSymbol.swift; sourceTree = "<group>"; };
		858139AF282062C6007646A9 /* RotatedBadgeSymbol.swift */ = {isa = PBXFileReference; lastKnownFileType = sourcecode.swift; path = RotatedBadgeSymbol.swift; sourceTree = "<group>"; };
		858139B128206399007646A9 /* Badge.swift */ = {isa = PBXFileReference; lastKnownFileType = sourcecode.swift; path = Badge.swift; sourceTree = "<group>"; };
		858139B628206808007646A9 /* Hike.swift */ = {isa = PBXFileReference; lastKnownFileType = sourcecode.swift; path = Hike.swift; sourceTree = "<group>"; };
		858139B9282068ED007646A9 /* GraphCapsule.swift */ = {isa = PBXFileReference; fileEncoding = 4; lastKnownFileType = sourcecode.swift; path = GraphCapsule.swift; sourceTree = "<group>"; };
		858139BA282068ED007646A9 /* HikeDetail.swift */ = {isa = PBXFileReference; fileEncoding = 4; lastKnownFileType = sourcecode.swift; path = HikeDetail.swift; sourceTree = "<group>"; };
		858139BB282068ED007646A9 /* HikeGraph.swift */ = {isa = PBXFileReference; fileEncoding = 4; lastKnownFileType = sourcecode.swift; path = HikeGraph.swift; sourceTree = "<group>"; };
		858139BC282068ED007646A9 /* HikeView.swift */ = {isa = PBXFileReference; fileEncoding = 4; lastKnownFileType = sourcecode.swift; path = HikeView.swift; sourceTree = "<group>"; };
		858139C228209F75007646A9 /* CategoryHome.swift */ = {isa = PBXFileReference; lastKnownFileType = sourcecode.swift; path = CategoryHome.swift; sourceTree = "<group>"; };
		858139C82820A154007646A9 /* hikeData.json */ = {isa = PBXFileReference; fileEncoding = 4; lastKnownFileType = text.json; path = hikeData.json; sourceTree = "<group>"; };
		858139CA2820A3AA007646A9 /* CategoryRow.swift */ = {isa = PBXFileReference; lastKnownFileType = sourcecode.swift; path = CategoryRow.swift; sourceTree = "<group>"; };
		858139CC2820A4F2007646A9 /* CategoryItem.swift */ = {isa = PBXFileReference; lastKnownFileType = sourcecode.swift; path = CategoryItem.swift; sourceTree = "<group>"; };
		858139CE2820BBD9007646A9 /* Profile.swift */ = {isa = PBXFileReference; lastKnownFileType = sourcecode.swift; path = Profile.swift; sourceTree = "<group>"; };
		858139D12820BD50007646A9 /* ProfileHost.swift */ = {isa = PBXFileReference; lastKnownFileType = sourcecode.swift; path = ProfileHost.swift; sourceTree = "<group>"; };
		858139D32820BDB4007646A9 /* ProfileSummary.swift */ = {isa = PBXFileReference; lastKnownFileType = sourcecode.swift; path = ProfileSummary.swift; sourceTree = "<group>"; };
		858139D52820BECE007646A9 /* HikeBadge.swift */ = {isa = PBXFileReference; lastKnownFileType = sourcecode.swift; path = HikeBadge.swift; sourceTree = "<group>"; };
		858139D72820C2C4007646A9 /* ProfileEditor.swift */ = {isa = PBXFileReference; lastKnownFileType = sourcecode.swift; path = ProfileEditor.swift; sourceTree = "<group>"; };
/* End PBXFileReference section */

/* Begin PBXFrameworksBuildPhase section */
		8581397E28198BAD007646A9 /* Frameworks */ = {
			isa = PBXFrameworksBuildPhase;
			buildActionMask = 2147483647;
			files = (
			);
			runOnlyForDeploymentPostprocessing = 0;
		};
/* End PBXFrameworksBuildPhase section */

/* Begin PBXGroup section */
		8581397828198BAC007646A9 = {
			isa = PBXGroup;
			children = (
				8581398328198BAD007646A9 /* Landmarks */,
				8581398228198BAD007646A9 /* Products */,
			);
			sourceTree = "<group>";
		};
		8581398228198BAD007646A9 /* Products */ = {
			isa = PBXGroup;
			children = (
				8581398128198BAD007646A9 /* Landmarks.app */,
			);
			name = Products;
			sourceTree = "<group>";
		};
		8581398328198BAD007646A9 /* Landmarks */ = {
			isa = PBXGroup;
			children = (
				8581398428198BAD007646A9 /* LandmarksApp.swift */,
				8581399C2819C137007646A9 /* Views */,
				8581399E2819C187007646A9 /* Model */,
				8581399D2819C150007646A9 /* Resources */,
				8581398828198BAF007646A9 /* Assets.xcassets */,
				8581398A28198BAF007646A9 /* Preview Content */,
			);
			path = Landmarks;
			sourceTree = "<group>";
		};
		8581398A28198BAF007646A9 /* Preview Content */ = {
			isa = PBXGroup;
			children = (
				8581398B28198BAF007646A9 /* Preview Assets.xcassets */,
			);
			path = "Preview Content";
			sourceTree = "<group>";
		};
		8581399C2819C137007646A9 /* Views */ = {
			isa = PBXGroup;
			children = (
				8581398628198BAD007646A9 /* ContentView.swift */,
				858139C128209F55007646A9 /* Categories */,
				858139A8281DFC2E007646A9 /* Landmarks */,
				858139D02820BD3A007646A9 /* Profiles */,
				858139B328206547007646A9 /* Badges */,
				858139B8282068ED007646A9 /* Hikes */,
				858139A7281DFC18007646A9 /* Helpers */,
			);
			path = Views;
			sourceTree = "<group>";
		};
		8581399D2819C150007646A9 /* Resources */ = {
			isa = PBXGroup;
			children = (
				858139962819B61C007646A9 /* landmarkData.json */,
				858139C82820A154007646A9 /* hikeData.json */,
			);
			path = Resources;
			sourceTree = "<group>";
		};
		8581399E2819C187007646A9 /* Model */ = {
			isa = PBXGroup;
			children = (
				8581399A2819BF2C007646A9 /* ModelData.swift */,
				858139982819B687007646A9 /* Landmark.swift */,
				858139B628206808007646A9 /* Hike.swift */,
				858139CE2820BBD9007646A9 /* Profile.swift */,
			);
			path = Model;
			sourceTree = "<group>";
		};
		858139A7281DFC18007646A9 /* Helpers */ = {
			isa = PBXGroup;
			children = (
				85813992281992AB007646A9 /* CircleImage.swift */,
				858139942819940C007646A9 /* MapView.swift */,
				858139A5281DFB5C007646A9 /* FavoriteButton.swift */,
			);
			path = Helpers;
			sourceTree = "<group>";
		};
		858139A8281DFC2E007646A9 /* Landmarks */ = {
			isa = PBXGroup;
			children = (
				858139A12819C6BA007646A9 /* LandmarkList.swift */,
				8581399F2819C219007646A9 /* LandmarkRow.swift */,
				858139A32819CE2B007646A9 /* LandmarkDetail.swift */,
			);
			path = Landmarks;
			sourceTree = "<group>";
		};
		858139B328206547007646A9 /* Badges */ = {
			isa = PBXGroup;
			children = (
				858139D52820BECE007646A9 /* HikeBadge.swift */,
				858139B128206399007646A9 /* Badge.swift */,
				858139AB28205AFD007646A9 /* BadgeBackground.swift */,
				858139AD2820601E007646A9 /* BadgeSymbol.swift */,
				858139AF282062C6007646A9 /* RotatedBadgeSymbol.swift */,
				858139A9282058D1007646A9 /* HexagonParameters.swift */,
			);
			path = Badges;
			sourceTree = "<group>";
		};
		858139B8282068ED007646A9 /* Hikes */ = {
			isa = PBXGroup;
			children = (
				858139BC282068ED007646A9 /* HikeView.swift */,
				858139BA282068ED007646A9 /* HikeDetail.swift */,
				858139BB282068ED007646A9 /* HikeGraph.swift */,
				858139B9282068ED007646A9 /* GraphCapsule.swift */,
			);
			path = Hikes;
			sourceTree = "<group>";
		};
		858139C128209F55007646A9 /* Categories */ = {
			isa = PBXGroup;
			children = (
				858139C228209F75007646A9 /* CategoryHome.swift */,
				858139CA2820A3AA007646A9 /* CategoryRow.swift */,
				858139CC2820A4F2007646A9 /* CategoryItem.swift */,
			);
			path = Categories;
			sourceTree = "<group>";
		};
		858139D02820BD3A007646A9 /* Profiles */ = {
			isa = PBXGroup;
			children = (
				858139D12820BD50007646A9 /* ProfileHost.swift */,
				858139D32820BDB4007646A9 /* ProfileSummary.swift */,
				858139D72820C2C4007646A9 /* ProfileEditor.swift */,
			);
			path = Profiles;
			sourceTree = "<group>";
		};
/* End PBXGroup section */

/* Begin PBXNativeTarget section */
		8581398028198BAD007646A9 /* Landmarks */ = {
			isa = PBXNativeTarget;
			buildConfigurationList = 8581398F28198BAF007646A9 /* Build configuration list for PBXNativeTarget "Landmarks" */;
			buildPhases = (
				8581397D28198BAD007646A9 /* Sources */,
				8581397E28198BAD007646A9 /* Frameworks */,
				8581397F28198BAD007646A9 /* Resources */,
			);
			buildRules = (
			);
			dependencies = (
			);
			name = Landmarks;
			productName = Landmarks;
			productReference = 8581398128198BAD007646A9 /* Landmarks.app */;
			productType = "com.apple.product-type.application";
		};
/* End PBXNativeTarget section */

/* Begin PBXProject section */
		8581397928198BAC007646A9 /* Project object */ = {
			isa = PBXProject;
			attributes = {
				BuildIndependentTargetsInParallel = 1;
				LastSwiftUpdateCheck = 1330;
				LastUpgradeCheck = 1330;
				TargetAttributes = {
					8581398028198BAD007646A9 = {
						CreatedOnToolsVersion = 13.3.1;
					};
				};
			};
			buildConfigurationList = 8581397C28198BAC007646A9 /* Build configuration list for PBXProject "Landmarks" */;
			compatibilityVersion = "Xcode 13.0";
			developmentRegion = en;
			hasScannedForEncodings = 0;
			knownRegions = (
				en,
				Base,
			);
			mainGroup = 8581397828198BAC007646A9;
			productRefGroup = 8581398228198BAD007646A9 /* Products */;
			projectDirPath = "";
			projectRoot = "";
			targets = (
				8581398028198BAD007646A9 /* Landmarks */,
			);
		};
/* End PBXProject section */

/* Begin PBXResourcesBuildPhase section */
		8581397F28198BAD007646A9 /* Resources */ = {
			isa = PBXResourcesBuildPhase;
			buildActionMask = 2147483647;
			files = (
				8581398C28198BAF007646A9 /* Preview Assets.xcassets in Resources */,
				8581398928198BAF007646A9 /* Assets.xcassets in Resources */,
				858139972819B61C007646A9 /* landmarkData.json in Resources */,
				858139C92820A154007646A9 /* hikeData.json in Resources */,
			);
			runOnlyForDeploymentPostprocessing = 0;
		};
/* End PBXResourcesBuildPhase section */

/* Begin PBXSourcesBuildPhase section */
		8581397D28198BAD007646A9 /* Sources */ = {
			isa = PBXSourcesBuildPhase;
			buildActionMask = 2147483647;
			files = (
				858139CB2820A3AA007646A9 /* CategoryRow.swift in Sources */,
				858139CF2820BBD9007646A9 /* Profile.swift in Sources */,
				8581398728198BAD007646A9 /* ContentView.swift in Sources */,
				858139C328209F75007646A9 /* CategoryHome.swift in Sources */,
				858139B228206399007646A9 /* Badge.swift in Sources */,
				858139952819940C007646A9 /* MapView.swift in Sources */,
				858139BD282068ED007646A9 /* GraphCapsule.swift in Sources */,
				858139BF282068ED007646A9 /* HikeGraph.swift in Sources */,
				8581398528198BAD007646A9 /* LandmarksApp.swift in Sources */,
				858139A6281DFB5C007646A9 /* FavoriteButton.swift in Sources */,
				858139CD2820A4F2007646A9 /* CategoryItem.swift in Sources */,
				858139AA282058D1007646A9 /* HexagonParameters.swift in Sources */,
				858139D42820BDB4007646A9 /* ProfileSummary.swift in Sources */,
				858139B728206808007646A9 /* Hike.swift in Sources */,
				858139D22820BD50007646A9 /* ProfileHost.swift in Sources */,
				858139B0282062C6007646A9 /* RotatedBadgeSymbol.swift in Sources */,
				858139AE2820601E007646A9 /* BadgeSymbol.swift in Sources */,
				858139A22819C6BA007646A9 /* LandmarkList.swift in Sources */,
				858139D82820C2C4007646A9 /* ProfileEditor.swift in Sources */,
				858139BE282068ED007646A9 /* HikeDetail.swift in Sources */,
				858139C0282068ED007646A9 /* HikeView.swift in Sources */,
				858139A42819CE2B007646A9 /* LandmarkDetail.swift in Sources */,
				858139AC28205AFE007646A9 /* BadgeBackground.swift in Sources */,
				858139D62820BECE007646A9 /* HikeBadge.swift in Sources */,
				85813993281992AB007646A9 /* CircleImage.swift in Sources */,
				858139992819B687007646A9 /* Landmark.swift in Sources */,
				858139A02819C219007646A9 /* LandmarkRow.swift in Sources */,
				8581399B2819BF2C007646A9 /* ModelData.swift in Sources */,
			);
			runOnlyForDeploymentPostprocessing = 0;
		};
/* End PBXSourcesBuildPhase section */

/* Begin XCBuildConfiguration section */
		8581398D28198BAF007646A9 /* Debug */ = {
			isa = XCBuildConfiguration;
			buildSettings = {
				ALWAYS_SEARCH_USER_PATHS = NO;
				CLANG_ANALYZER_NONNULL = YES;
				CLANG_ANALYZER_NUMBER_OBJECT_CONVERSION = YES_AGGRESSIVE;
				CLANG_CXX_LANGUAGE_STANDARD = "gnu++17";
				CLANG_ENABLE_MODULES = YES;
				CLANG_ENABLE_OBJC_ARC = YES;
				CLANG_ENABLE_OBJC_WEAK = YES;
				CLANG_WARN_BLOCK_CAPTURE_AUTORELEASING = YES;
				CLANG_WARN_BOOL_CONVERSION = YES;
				CLANG_WARN_COMMA = YES;
				CLANG_WARN_CONSTANT_CONVERSION = YES;
				CLANG_WARN_DEPRECATED_OBJC_IMPLEMENTATIONS = YES;
				CLANG_WARN_DIRECT_OBJC_ISA_USAGE = YES_ERROR;
				CLANG_WARN_DOCUMENTATION_COMMENTS = YES;
				CLANG_WARN_EMPTY_BODY = YES;
				CLANG_WARN_ENUM_CONVERSION = YES;
				CLANG_WARN_INFINITE_RECURSION = YES;
				CLANG_WARN_INT_CONVERSION = YES;
				CLANG_WARN_NON_LITERAL_NULL_CONVERSION = YES;
				CLANG_WARN_OBJC_IMPLICIT_RETAIN_SELF = YES;
				CLANG_WARN_OBJC_LITERAL_CONVERSION = YES;
				CLANG_WARN_OBJC_ROOT_CLASS = YES_ERROR;
				CLANG_WARN_QUOTED_INCLUDE_IN_FRAMEWORK_HEADER = YES;
				CLANG_WARN_RANGE_LOOP_ANALYSIS = YES;
				CLANG_WARN_STRICT_PROTOTYPES = YES;
				CLANG_WARN_SUSPICIOUS_MOVE = YES;
				CLANG_WARN_UNGUARDED_AVAILABILITY = YES_AGGRESSIVE;
				CLANG_WARN_UNREACHABLE_CODE = YES;
				CLANG_WARN__DUPLICATE_METHOD_MATCH = YES;
				COPY_PHASE_STRIP = NO;
				DEBUG_INFORMATION_FORMAT = dwarf;
				ENABLE_STRICT_OBJC_MSGSEND = YES;
				ENABLE_TESTABILITY = YES;
				GCC_C_LANGUAGE_STANDARD = gnu11;
				GCC_DYNAMIC_NO_PIC = NO;
				GCC_NO_COMMON_BLOCKS = YES;
				GCC_OPTIMIZATION_LEVEL = 0;
				GCC_PREPROCESSOR_DEFINITIONS = (
					"DEBUG=1",
					"$(inherited)",
				);
				GCC_WARN_64_TO_32_BIT_CONVERSION = YES;
				GCC_WARN_ABOUT_RETURN_TYPE = YES_ERROR;
				GCC_WARN_UNDECLARED_SELECTOR = YES;
				GCC_WARN_UNINITIALIZED_AUTOS = YES_AGGRESSIVE;
				GCC_WARN_UNUSED_FUNCTION = YES;
				GCC_WARN_UNUSED_VARIABLE = YES;
				IPHONEOS_DEPLOYMENT_TARGET = 15.4;
				MTL_ENABLE_DEBUG_INFO = INCLUDE_SOURCE;
				MTL_FAST_MATH = YES;
				ONLY_ACTIVE_ARCH = YES;
				SDKROOT = iphoneos;
				SWIFT_ACTIVE_COMPILATION_CONDITIONS = DEBUG;
				SWIFT_OPTIMIZATION_LEVEL = "-Onone";
			};
			name = Debug;
		};
		8581398E28198BAF007646A9 /* Release */ = {
			isa = XCBuildConfiguration;
			buildSettings = {
				ALWAYS_SEARCH_USER_PATHS = NO;
				CLANG_ANALYZER_NONNULL = YES;
				CLANG_ANALYZER_NUMBER_OBJECT_CONVERSION = YES_AGGRESSIVE;
				CLANG_CXX_LANGUAGE_STANDARD = "gnu++17";
				CLANG_ENABLE_MODULES = YES;
				CLANG_ENABLE_OBJC_ARC = YES;
				CLANG_ENABLE_OBJC_WEAK = YES;
				CLANG_WARN_BLOCK_CAPTURE_AUTORELEASING = YES;
				CLANG_WARN_BOOL_CONVERSION = YES;
				CLANG_WARN_COMMA = YES;
				CLANG_WARN_CONSTANT_CONVERSION = YES;
				CLANG_WARN_DEPRECATED_OBJC_IMPLEMENTATIONS = YES;
				CLANG_WARN_DIRECT_OBJC_ISA_USAGE = YES_ERROR;
				CLANG_WARN_DOCUMENTATION_COMMENTS = YES;
				CLANG_WARN_EMPTY_BODY = YES;
				CLANG_WARN_ENUM_CONVERSION = YES;
				CLANG_WARN_INFINITE_RECURSION = YES;
				CLANG_WARN_INT_CONVERSION = YES;
				CLANG_WARN_NON_LITERAL_NULL_CONVERSION = YES;
				CLANG_WARN_OBJC_IMPLICIT_RETAIN_SELF = YES;
				CLANG_WARN_OBJC_LITERAL_CONVERSION = YES;
				CLANG_WARN_OBJC_ROOT_CLASS = YES_ERROR;
				CLANG_WARN_QUOTED_INCLUDE_IN_FRAMEWORK_HEADER = YES;
				CLANG_WARN_RANGE_LOOP_ANALYSIS = YES;
				CLANG_WARN_STRICT_PROTOTYPES = YES;
				CLANG_WARN_SUSPICIOUS_MOVE = YES;
				CLANG_WARN_UNGUARDED_AVAILABILITY = YES_AGGRESSIVE;
				CLANG_WARN_UNREACHABLE_CODE = YES;
				CLANG_WARN__DUPLICATE_METHOD_MATCH = YES;
				COPY_PHASE_STRIP = NO;
				DEBUG_INFORMATION_FORMAT = "dwarf-with-dsym";
				ENABLE_NS_ASSERTIONS = NO;
				ENABLE_STRICT_OBJC_MSGSEND = YES;
				GCC_C_LANGUAGE_STANDARD = gnu11;
				GCC_NO_COMMON_BLOCKS = YES;
				GCC_WARN_64_TO_32_BIT_CONVERSION = YES;
				GCC_WARN_ABOUT_RETURN_TYPE = YES_ERROR;
				GCC_WARN_UNDECLARED_SELECTOR = YES;
				GCC_WARN_UNINITIALIZED_AUTOS = YES_AGGRESSIVE;
				GCC_WARN_UNUSED_FUNCTION = YES;
				GCC_WARN_UNUSED_VARIABLE = YES;
				IPHONEOS_DEPLOYMENT_TARGET = 15.4;
				MTL_ENABLE_DEBUG_INFO = NO;
				MTL_FAST_MATH = YES;
				SDKROOT = iphoneos;
				SWIFT_COMPILATION_MODE = wholemodule;
				SWIFT_OPTIMIZATION_LEVEL = "-O";
				VALIDATE_PRODUCT = YES;
			};
			name = Release;
		};
		8581399028198BAF007646A9 /* Debug */ = {
			isa = XCBuildConfiguration;
			buildSettings = {
				ASSETCATALOG_COMPILER_APPICON_NAME = AppIcon;
				ASSETCATALOG_COMPILER_GLOBAL_ACCENT_COLOR_NAME = AccentColor;
				CODE_SIGN_STYLE = Automatic;
				CURRENT_PROJECT_VERSION = 1;
				DEVELOPMENT_ASSET_PATHS = "\"Landmarks/Preview Content\"";
				DEVELOPMENT_TEAM = SC325LS73S;
				ENABLE_PREVIEWS = YES;
				GENERATE_INFOPLIST_FILE = YES;
				INFOPLIST_KEY_UIApplicationSceneManifest_Generation = YES;
				INFOPLIST_KEY_UIApplicationSupportsIndirectInputEvents = YES;
				INFOPLIST_KEY_UILaunchScreen_Generation = YES;
				INFOPLIST_KEY_UISupportedInterfaceOrientations_iPad = "UIInterfaceOrientationPortrait UIInterfaceOrientationPortraitUpsideDown UIInterfaceOrientationLandscapeLeft UIInterfaceOrientationLandscapeRight";
				INFOPLIST_KEY_UISupportedInterfaceOrientations_iPhone = "UIInterfaceOrientationPortrait UIInterfaceOrientationLandscapeLeft UIInterfaceOrientationLandscapeRight";
				LD_RUNPATH_SEARCH_PATHS = (
					"$(inherited)",
					"@executable_path/Frameworks",
				);
				MARKETING_VERSION = 1.0;
				PRODUCT_BUNDLE_IDENTIFIER = arvinshen.Landmarks;
				PRODUCT_NAME = "$(TARGET_NAME)";
				SWIFT_EMIT_LOC_STRINGS = YES;
				SWIFT_VERSION = 5.0;
				TARGETED_DEVICE_FAMILY = "1,2";
			};
			name = Debug;
		};
		8581399128198BAF007646A9 /* Release */ = {
			isa = XCBuildConfiguration;
			buildSettings = {
				ASSETCATALOG_COMPILER_APPICON_NAME = AppIcon;
				ASSETCATALOG_COMPILER_GLOBAL_ACCENT_COLOR_NAME = AccentColor;
				CODE_SIGN_STYLE = Automatic;
				CURRENT_PROJECT_VERSION = 1;
				DEVELOPMENT_ASSET_PATHS = "\"Landmarks/Preview Content\"";
				DEVELOPMENT_TEAM = SC325LS73S;
				ENABLE_PREVIEWS = YES;
				GENERATE_INFOPLIST_FILE = YES;
				INFOPLIST_KEY_UIApplicationSceneManifest_Generation = YES;
				INFOPLIST_KEY_UIApplicationSupportsIndirectInputEvents = YES;
				INFOPLIST_KEY_UILaunchScreen_Generation = YES;
				INFOPLIST_KEY_UISupportedInterfaceOrientations_iPad = "UIInterfaceOrientationPortrait UIInterfaceOrientationPortraitUpsideDown UIInterfaceOrientationLandscapeLeft UIInterfaceOrientationLandscapeRight";
				INFOPLIST_KEY_UISupportedInterfaceOrientations_iPhone = "UIInterfaceOrientationPortrait UIInterfaceOrientationLandscapeLeft UIInterfaceOrientationLandscapeRight";
				LD_RUNPATH_SEARCH_PATHS = (
					"$(inherited)",
					"@executable_path/Frameworks",
				);
				MARKETING_VERSION = 1.0;
				PRODUCT_BUNDLE_IDENTIFIER = arvinshen.Landmarks;
				PRODUCT_NAME = "$(TARGET_NAME)";
				SWIFT_EMIT_LOC_STRINGS = YES;
				SWIFT_VERSION = 5.0;
				TARGETED_DEVICE_FAMILY = "1,2";
			};
			name = Release;
		};
/* End XCBuildConfiguration section */

/* Begin XCConfigurationList section */
		8581397C28198BAC007646A9 /* Build configuration list for PBXProject "Landmarks" */ = {
			isa = XCConfigurationList;
			buildConfigurations = (
				8581398D28198BAF007646A9 /* Debug */,
				8581398E28198BAF007646A9 /* Release */,
			);
			defaultConfigurationIsVisible = 0;
			defaultConfigurationName = Release;
		};
		8581398F28198BAF007646A9 /* Build configuration list for PBXNativeTarget "Landmarks" */ = {
			isa = XCConfigurationList;
			buildConfigurations = (
				8581399028198BAF007646A9 /* Debug */,
				8581399128198BAF007646A9 /* Release */,
			);
			defaultConfigurationIsVisible = 0;
			defaultConfigurationName = Release;
		};
/* End XCConfigurationList section */
	};
	rootObject = 8581397928198BAC007646A9 /* Project object */;
}
